
Microsoft Visual Studio Solution File, Format Version 12.00
# Visual Studio 2013
VisualStudioVersion = 12.0.30110.0
MinimumVisualStudioVersion = 10.0.40219.1

Project("{FAE04EC0-301F-11D3-BF4B-00C04F79EFBC}") = "MvvmCrossMenu.Core", "MvvmCrossMenu.Core\MvvmCrossMenu.Core.csproj", "{00B54BD9-609F-4BFF-9042-08DE9C4A20C1}"
EndProject
Project("{FAE04EC0-301F-11D3-BF4B-00C04F79EFBC}") = "MvvmCrossMenu.Droid", "MvvmCrossMenu.Droid\MvvmCrossMenu.Droid.csproj", "{A99BC8B5-D9FD-4BD8-92F6-478EBB752F99}"
EndProject
Project("{FAE04EC0-301F-11D3-BF4B-00C04F79EFBC}") = "MvvmCrossMenu.Touch", "MvvmCrossMenu.Touch\MvvmCrossMenu.Touch.csproj", "{192D6D59-84F7-4448-AB25-D723624E584F}"
EndProject
Project("{2150E333-8FDC-42A3-9474-1A3956D46DE8}") = "SubModules", "SubModules", "{081EE84F-F853-43C7-85F0-E93E5C9E56FA}"
EndProject
Project("{FAE04EC0-301F-11D3-BF4B-00C04F79EFBC}") = "SlidingPanels.Touch", "..\SubModules\SlidingPanels\SlidingPanels\SlidingPanels.Lib\SlidingPanels.Touch.csproj", "{2FD1999D-45B1-4485-BF96-EAB061481945}"
EndProject
Project("{2150E333-8FDC-42A3-9474-1A3956D46DE8}") = "Services", "Services", "{273AF724-2DE7-4FAD-894E-6A4A927409D4}"
EndProject
Project("{FAE04EC0-301F-11D3-BF4B-00C04F79EFBC}") = "MvvmCrossMenu.Services", "Services\MvvmCrossMenu.MenuService\MvvmCrossMenu.Services.csproj", "{F9FC8121-2F2E-4697-8AE8-B6F82DABB3BD}"
EndProject
Project("{FAE04EC0-301F-11D3-BF4B-00C04F79EFBC}") = "MvvmCrossMenu.Interfaces", "Services\MvvmCrossMenu.Interfaces\MvvmCrossMenu.Interfaces.csproj", "{1DC71A0C-09DD-4194-9555-2E069C9538DD}"
EndProject
Project("{FAE04EC0-301F-11D3-BF4B-00C04F79EFBC}") = "MvvmCrossMenu.Models", "Services\MvvmCrossMenu.Models\MvvmCrossMenu.Models.csproj", "{A7B47B62-5D01-46F9-9B2C-08F3C8E17B84}"
EndProject
Global
	GlobalSection(SolutionConfigurationPlatforms) = preSolution
		Ad-Hoc|Any CPU = Ad-Hoc|Any CPU
		Ad-Hoc|iPhone = Ad-Hoc|iPhone
		Ad-Hoc|iPhoneSimulator = Ad-Hoc|iPhoneSimulator
		AppStore|Any CPU = AppStore|Any CPU
		AppStore|iPhone = AppStore|iPhone
		AppStore|iPhoneSimulator = AppStore|iPhoneSimulator
		Debug|Any CPU = Debug|Any CPU
		Debug|iPhone = Debug|iPhone
		Debug|iPhoneSimulator = Debug|iPhoneSimulator
		Release|Any CPU = Release|Any CPU
		Release|iPhone = Release|iPhone
		Release|iPhoneSimulator = Release|iPhoneSimulator
	EndGlobalSection
	GlobalSection(ProjectConfigurationPlatforms) = postSolution
		{00B54BD9-609F-4BFF-9042-08DE9C4A20C1}.Ad-Hoc|Any CPU.ActiveCfg = Release|Any CPU
		{00B54BD9-609F-4BFF-9042-08DE9C4A20C1}.Ad-Hoc|Any CPU.Build.0 = Release|Any CPU
		{00B54BD9-609F-4BFF-9042-08DE9C4A20C1}.Ad-Hoc|iPhone.ActiveCfg = Debug|Any CPU
		{00B54BD9-609F-4BFF-9042-08DE9C4A20C1}.Ad-Hoc|iPhone.Build.0 = Debug|Any CPU
		{00B54BD9-609F-4BFF-9042-08DE9C4A20C1}.Ad-Hoc|iPhoneSimulator.ActiveCfg = Release|Any CPU
		{00B54BD9-609F-4BFF-9042-08DE9C4A20C1}.AppStore|Any CPU.ActiveCfg = Release|Any CPU
		{00B54BD9-609F-4BFF-9042-08DE9C4A20C1}.AppStore|Any CPU.Build.0 = Release|Any CPU
		{00B54BD9-609F-4BFF-9042-08DE9C4A20C1}.AppStore|iPhone.ActiveCfg = Debug|Any CPU
		{00B54BD9-609F-4BFF-9042-08DE9C4A20C1}.AppStore|iPhone.Build.0 = Debug|Any CPU
		{00B54BD9-609F-4BFF-9042-08DE9C4A20C1}.AppStore|iPhoneSimulator.ActiveCfg = Release|Any CPU
		{00B54BD9-609F-4BFF-9042-08DE9C4A20C1}.Debug|Any CPU.ActiveCfg = Debug|Any CPU
		{00B54BD9-609F-4BFF-9042-08DE9C4A20C1}.Debug|Any CPU.Build.0 = Debug|Any CPU
		{00B54BD9-609F-4BFF-9042-08DE9C4A20C1}.Debug|iPhone.ActiveCfg = Debug|Any CPU
		{00B54BD9-609F-4BFF-9042-08DE9C4A20C1}.Debug|iPhone.Build.0 = Debug|Any CPU
		{00B54BD9-609F-4BFF-9042-08DE9C4A20C1}.Debug|iPhoneSimulator.ActiveCfg = Debug|Any CPU
		{00B54BD9-609F-4BFF-9042-08DE9C4A20C1}.Debug|iPhoneSimulator.Build.0 = Debug|Any CPU
		{00B54BD9-609F-4BFF-9042-08DE9C4A20C1}.Release|Any CPU.ActiveCfg = Release|Any CPU
		{00B54BD9-609F-4BFF-9042-08DE9C4A20C1}.Release|Any CPU.Build.0 = Release|Any CPU
		{00B54BD9-609F-4BFF-9042-08DE9C4A20C1}.Release|iPhone.ActiveCfg = Release|Any CPU
		{00B54BD9-609F-4BFF-9042-08DE9C4A20C1}.Release|iPhone.Build.0 = Release|Any CPU
		{00B54BD9-609F-4BFF-9042-08DE9C4A20C1}.Release|iPhoneSimulator.ActiveCfg = Release|Any CPU
		{00B54BD9-609F-4BFF-9042-08DE9C4A20C1}.Release|iPhoneSimulator.Build.0 = Release|Any CPU
		{192D6D59-84F7-4448-AB25-D723624E584F}.Ad-Hoc|Any CPU.ActiveCfg = Ad-Hoc|iPhoneSimulator
		{192D6D59-84F7-4448-AB25-D723624E584F}.Ad-Hoc|iPhone.ActiveCfg = Ad-Hoc|iPhone
		{192D6D59-84F7-4448-AB25-D723624E584F}.Ad-Hoc|iPhone.Build.0 = Ad-Hoc|iPhone
		{192D6D59-84F7-4448-AB25-D723624E584F}.Ad-Hoc|iPhoneSimulator.ActiveCfg = Ad-Hoc|iPhoneSimulator
		{192D6D59-84F7-4448-AB25-D723624E584F}.Ad-Hoc|iPhoneSimulator.Build.0 = Ad-Hoc|iPhoneSimulator
		{192D6D59-84F7-4448-AB25-D723624E584F}.Ad-Hoc|iPhoneSimulator.Deploy.0 = Ad-Hoc|iPhoneSimulator
		{192D6D59-84F7-4448-AB25-D723624E584F}.AppStore|Any CPU.ActiveCfg = AppStore|iPhoneSimulator
		{192D6D59-84F7-4448-AB25-D723624E584F}.AppStore|iPhone.ActiveCfg = AppStore|iPhone
		{192D6D59-84F7-4448-AB25-D723624E584F}.AppStore|iPhone.Build.0 = AppStore|iPhone
		{192D6D59-84F7-4448-AB25-D723624E584F}.AppStore|iPhoneSimulator.ActiveCfg = AppStore|iPhoneSimulator
		{192D6D59-84F7-4448-AB25-D723624E584F}.AppStore|iPhoneSimulator.Build.0 = AppStore|iPhoneSimulator
		{192D6D59-84F7-4448-AB25-D723624E584F}.AppStore|iPhoneSimulator.Deploy.0 = AppStore|iPhoneSimulator
		{192D6D59-84F7-4448-AB25-D723624E584F}.Debug|Any CPU.ActiveCfg = Debug|iPhoneSimulator
		{192D6D59-84F7-4448-AB25-D723624E584F}.Debug|Any CPU.Build.0 = Debug|iPhoneSimulator
		{192D6D59-84F7-4448-AB25-D723624E584F}.Debug|iPhone.ActiveCfg = Debug|iPhone
		{192D6D59-84F7-4448-AB25-D723624E584F}.Debug|iPhone.Build.0 = Debug|iPhone
		{192D6D59-84F7-4448-AB25-D723624E584F}.Debug|iPhoneSimulator.ActiveCfg = Debug|iPhoneSimulator
		{192D6D59-84F7-4448-AB25-D723624E584F}.Debug|iPhoneSimulator.Build.0 = Debug|iPhoneSimulator
		{192D6D59-84F7-4448-AB25-D723624E584F}.Debug|iPhoneSimulator.Deploy.0 = Debug|iPhoneSimulator
		{192D6D59-84F7-4448-AB25-D723624E584F}.Release|Any CPU.ActiveCfg = Release|iPhoneSimulator
		{192D6D59-84F7-4448-AB25-D723624E584F}.Release|Any CPU.Build.0 = Release|iPhoneSimulator
		{192D6D59-84F7-4448-AB25-D723624E584F}.Release|iPhone.ActiveCfg = Release|iPhone
		{192D6D59-84F7-4448-AB25-D723624E584F}.Release|iPhone.Build.0 = Release|iPhone
		{192D6D59-84F7-4448-AB25-D723624E584F}.Release|iPhoneSimulator.ActiveCfg = Release|iPhoneSimulator
		{192D6D59-84F7-4448-AB25-D723624E584F}.Release|iPhoneSimulator.Build.0 = Release|iPhoneSimulator
		{1DC71A0C-09DD-4194-9555-2E069C9538DD}.Ad-Hoc|Any CPU.ActiveCfg = Release|Any CPU
		{1DC71A0C-09DD-4194-9555-2E069C9538DD}.Ad-Hoc|Any CPU.Build.0 = Release|Any CPU
		{1DC71A0C-09DD-4194-9555-2E069C9538DD}.Ad-Hoc|iPhone.ActiveCfg = Release|Any CPU
		{1DC71A0C-09DD-4194-9555-2E069C9538DD}.Ad-Hoc|iPhone.Build.0 = Release|Any CPU
		{1DC71A0C-09DD-4194-9555-2E069C9538DD}.Ad-Hoc|iPhoneSimulator.ActiveCfg = Release|Any CPU
		{1DC71A0C-09DD-4194-9555-2E069C9538DD}.Ad-Hoc|iPhoneSimulator.Build.0 = Release|Any CPU
		{1DC71A0C-09DD-4194-9555-2E069C9538DD}.AppStore|Any CPU.ActiveCfg = Release|Any CPU
		{1DC71A0C-09DD-4194-9555-2E069C9538DD}.AppStore|Any CPU.Build.0 = Release|Any CPU
		{1DC71A0C-09DD-4194-9555-2E069C9538DD}.AppStore|iPhone.ActiveCfg = Release|Any CPU
		{1DC71A0C-09DD-4194-9555-2E069C9538DD}.AppStore|iPhone.Build.0 = Release|Any CPU
		{1DC71A0C-09DD-4194-9555-2E069C9538DD}.AppStore|iPhoneSimulator.ActiveCfg = Release|Any CPU
		{1DC71A0C-09DD-4194-9555-2E069C9538DD}.AppStore|iPhoneSimulator.Build.0 = Release|Any CPU
		{1DC71A0C-09DD-4194-9555-2E069C9538DD}.Debug|Any CPU.ActiveCfg = Debug|Any CPU
		{1DC71A0C-09DD-4194-9555-2E069C9538DD}.Debug|Any CPU.Build.0 = Debug|Any CPU
		{1DC71A0C-09DD-4194-9555-2E069C9538DD}.Debug|iPhone.ActiveCfg = Debug|Any CPU
		{1DC71A0C-09DD-4194-9555-2E069C9538DD}.Debug|iPhone.Build.0 = Debug|Any CPU
		{1DC71A0C-09DD-4194-9555-2E069C9538DD}.Debug|iPhoneSimulator.ActiveCfg = Debug|Any CPU
		{1DC71A0C-09DD-4194-9555-2E069C9538DD}.Debug|iPhoneSimulator.Build.0 = Debug|Any CPU
		{1DC71A0C-09DD-4194-9555-2E069C9538DD}.Release|Any CPU.ActiveCfg = Release|Any CPU
		{1DC71A0C-09DD-4194-9555-2E069C9538DD}.Release|Any CPU.Build.0 = Release|Any CPU
		{1DC71A0C-09DD-4194-9555-2E069C9538DD}.Release|iPhone.ActiveCfg = Release|Any CPU
		{1DC71A0C-09DD-4194-9555-2E069C9538DD}.Release|iPhone.Build.0 = Release|Any CPU
		{1DC71A0C-09DD-4194-9555-2E069C9538DD}.Release|iPhoneSimulator.ActiveCfg = Release|Any CPU
		{1DC71A0C-09DD-4194-9555-2E069C9538DD}.Release|iPhoneSimulator.Build.0 = Release|Any CPU
		{2FD1999D-45B1-4485-BF96-EAB061481945}.Ad-Hoc|Any CPU.ActiveCfg = Debug|Any CPU
		{2FD1999D-45B1-4485-BF96-EAB061481945}.Ad-Hoc|iPhone.ActiveCfg = Release|Any CPU
		{2FD1999D-45B1-4485-BF96-EAB061481945}.Ad-Hoc|iPhone.Build.0 = Release|Any CPU
		{2FD1999D-45B1-4485-BF96-EAB061481945}.Ad-Hoc|iPhoneSimulator.ActiveCfg = Debug|Any CPU
		{2FD1999D-45B1-4485-BF96-EAB061481945}.AppStore|Any CPU.ActiveCfg = Debug|Any CPU
		{2FD1999D-45B1-4485-BF96-EAB061481945}.AppStore|iPhone.ActiveCfg = Release|Any CPU
		{2FD1999D-45B1-4485-BF96-EAB061481945}.AppStore|iPhone.Build.0 = Release|Any CPU
		{2FD1999D-45B1-4485-BF96-EAB061481945}.AppStore|iPhoneSimulator.ActiveCfg = Debug|Any CPU
		{2FD1999D-45B1-4485-BF96-EAB061481945}.Debug|Any CPU.ActiveCfg = Debug|Any CPU
		{2FD1999D-45B1-4485-BF96-EAB061481945}.Debug|Any CPU.Build.0 = Debug|Any CPU
		{2FD1999D-45B1-4485-BF96-EAB061481945}.Debug|iPhone.ActiveCfg = Debug|Any CPU
		{2FD1999D-45B1-4485-BF96-EAB061481945}.Debug|iPhone.Build.0 = Debug|Any CPU
		{2FD1999D-45B1-4485-BF96-EAB061481945}.Debug|iPhoneSimulator.ActiveCfg = Debug|Any CPU
		{2FD1999D-45B1-4485-BF96-EAB061481945}.Debug|iPhoneSimulator.Build.0 = Debug|Any CPU
		{2FD1999D-45B1-4485-BF96-EAB061481945}.Release|Any CPU.ActiveCfg = Release|Any CPU
		{2FD1999D-45B1-4485-BF96-EAB061481945}.Release|Any CPU.Build.0 = Release|Any CPU
		{2FD1999D-45B1-4485-BF96-EAB061481945}.Release|iPhone.ActiveCfg = Release|Any CPU
		{2FD1999D-45B1-4485-BF96-EAB061481945}.Release|iPhone.Build.0 = Release|Any CPU
		{2FD1999D-45B1-4485-BF96-EAB061481945}.Release|iPhoneSimulator.ActiveCfg = Release|Any CPU
		{2FD1999D-45B1-4485-BF96-EAB061481945}.Release|iPhoneSimulator.Build.0 = Release|Any CPU
		{A7B47B62-5D01-46F9-9B2C-08F3C8E17B84}.Ad-Hoc|Any CPU.ActiveCfg = Release|Any CPU
		{A7B47B62-5D01-46F9-9B2C-08F3C8E17B84}.Ad-Hoc|Any CPU.Build.0 = Release|Any CPU
		{A7B47B62-5D01-46F9-9B2C-08F3C8E17B84}.Ad-Hoc|iPhone.ActiveCfg = Release|Any CPU
		{A7B47B62-5D01-46F9-9B2C-08F3C8E17B84}.Ad-Hoc|iPhone.Build.0 = Release|Any CPU
		{A7B47B62-5D01-46F9-9B2C-08F3C8E17B84}.Ad-Hoc|iPhoneSimulator.ActiveCfg = Release|Any CPU
		{A7B47B62-5D01-46F9-9B2C-08F3C8E17B84}.Ad-Hoc|iPhoneSimulator.Build.0 = Release|Any CPU
		{A7B47B62-5D01-46F9-9B2C-08F3C8E17B84}.AppStore|Any CPU.ActiveCfg = Release|Any CPU
		{A7B47B62-5D01-46F9-9B2C-08F3C8E17B84}.AppStore|Any CPU.Build.0 = Release|Any CPU
		{A7B47B62-5D01-46F9-9B2C-08F3C8E17B84}.AppStore|iPhone.ActiveCfg = Release|Any CPU
		{A7B47B62-5D01-46F9-9B2C-08F3C8E17B84}.AppStore|iPhone.Build.0 = Release|Any CPU
		{A7B47B62-5D01-46F9-9B2C-08F3C8E17B84}.AppStore|iPhoneSimulator.ActiveCfg = Release|Any CPU
		{A7B47B62-5D01-46F9-9B2C-08F3C8E17B84}.AppStore|iPhoneSimulator.Build.0 = Release|Any CPU
		{A7B47B62-5D01-46F9-9B2C-08F3C8E17B84}.Debug|Any CPU.ActiveCfg = Debug|Any CPU
		{A7B47B62-5D01-46F9-9B2C-08F3C8E17B84}.Debug|Any CPU.Build.0 = Debug|Any CPU
		{A7B47B62-5D01-46F9-9B2C-08F3C8E17B84}.Debug|iPhone.ActiveCfg = Debug|Any CPU
		{A7B47B62-5D01-46F9-9B2C-08F3C8E17B84}.Debug|iPhone.Build.0 = Debug|Any CPU
		{A7B47B62-5D01-46F9-9B2C-08F3C8E17B84}.Debug|iPhoneSimulator.ActiveCfg = Debug|Any CPU
		{A7B47B62-5D01-46F9-9B2C-08F3C8E17B84}.Debug|iPhoneSimulator.Build.0 = Debug|Any CPU
		{A7B47B62-5D01-46F9-9B2C-08F3C8E17B84}.Release|Any CPU.ActiveCfg = Release|Any CPU
		{A7B47B62-5D01-46F9-9B2C-08F3C8E17B84}.Release|Any CPU.Build.0 = Release|Any CPU
		{A7B47B62-5D01-46F9-9B2C-08F3C8E17B84}.Release|iPhone.ActiveCfg = Release|Any CPU
		{A7B47B62-5D01-46F9-9B2C-08F3C8E17B84}.Release|iPhone.Build.0 = Release|Any CPU
		{A7B47B62-5D01-46F9-9B2C-08F3C8E17B84}.Release|iPhoneSimulator.ActiveCfg = Release|Any CPU
		{A7B47B62-5D01-46F9-9B2C-08F3C8E17B84}.Release|iPhoneSimulator.Build.0 = Release|Any CPU
		{A99BC8B5-D9FD-4BD8-92F6-478EBB752F99}.Ad-Hoc|Any CPU.ActiveCfg = Release|Any CPU
		{A99BC8B5-D9FD-4BD8-92F6-478EBB752F99}.Ad-Hoc|Any CPU.Build.0 = Release|Any CPU
		{A99BC8B5-D9FD-4BD8-92F6-478EBB752F99}.Ad-Hoc|Any CPU.Deploy.0 = Release|Any CPU
		{A99BC8B5-D9FD-4BD8-92F6-478EBB752F99}.Ad-Hoc|iPhone.ActiveCfg = Debug|Any CPU
		{A99BC8B5-D9FD-4BD8-92F6-478EBB752F99}.Ad-Hoc|iPhone.Build.0 = Debug|Any CPU
		{A99BC8B5-D9FD-4BD8-92F6-478EBB752F99}.Ad-Hoc|iPhoneSimulator.ActiveCfg = Release|Any CPU
		{A99BC8B5-D9FD-4BD8-92F6-478EBB752F99}.AppStore|Any CPU.ActiveCfg = Release|Any CPU
		{A99BC8B5-D9FD-4BD8-92F6-478EBB752F99}.AppStore|Any CPU.Build.0 = Release|Any CPU
		{A99BC8B5-D9FD-4BD8-92F6-478EBB752F99}.AppStore|Any CPU.Deploy.0 = Release|Any CPU
		{A99BC8B5-D9FD-4BD8-92F6-478EBB752F99}.AppStore|iPhone.ActiveCfg = Debug|Any CPU
		{A99BC8B5-D9FD-4BD8-92F6-478EBB752F99}.AppStore|iPhone.Build.0 = Debug|Any CPU
		{A99BC8B5-D9FD-4BD8-92F6-478EBB752F99}.AppStore|iPhoneSimulator.ActiveCfg = Release|Any CPU
		{A99BC8B5-D9FD-4BD8-92F6-478EBB752F99}.Debug|Any CPU.ActiveCfg = Debug|Any CPU
		{A99BC8B5-D9FD-4BD8-92F6-478EBB752F99}.Debug|Any CPU.Build.0 = Debug|Any CPU
		{A99BC8B5-D9FD-4BD8-92F6-478EBB752F99}.Debug|iPhone.ActiveCfg = Debug|Any CPU
		{A99BC8B5-D9FD-4BD8-92F6-478EBB752F99}.Debug|iPhone.Build.0 = Debug|Any CPU
		{A99BC8B5-D9FD-4BD8-92F6-478EBB752F99}.Debug|iPhoneSimulator.ActiveCfg = Debug|Any CPU
		{A99BC8B5-D9FD-4BD8-92F6-478EBB752F99}.Debug|iPhoneSimulator.Build.0 = Debug|Any CPU
		{A99BC8B5-D9FD-4BD8-92F6-478EBB752F99}.Debug|iPhoneSimulator.Deploy.0 = Debug|Any CPU
		{A99BC8B5-D9FD-4BD8-92F6-478EBB752F99}.Release|Any CPU.ActiveCfg = Release|Any CPU
		{A99BC8B5-D9FD-4BD8-92F6-478EBB752F99}.Release|Any CPU.Build.0 = Release|Any CPU
		{A99BC8B5-D9FD-4BD8-92F6-478EBB752F99}.Release|iPhone.ActiveCfg = Release|Any CPU
		{A99BC8B5-D9FD-4BD8-92F6-478EBB752F99}.Release|iPhone.Build.0 = Release|Any CPU
		{A99BC8B5-D9FD-4BD8-92F6-478EBB752F99}.Release|iPhoneSimulator.ActiveCfg = Release|Any CPU
		{A99BC8B5-D9FD-4BD8-92F6-478EBB752F99}.Release|iPhoneSimulator.Build.0 = Release|Any CPU
		{F9FC8121-2F2E-4697-8AE8-B6F82DABB3BD}.Ad-Hoc|Any CPU.ActiveCfg = Release|Any CPU
		{F9FC8121-2F2E-4697-8AE8-B6F82DABB3BD}.Ad-Hoc|Any CPU.Build.0 = Release|Any CPU
		{F9FC8121-2F2E-4697-8AE8-B6F82DABB3BD}.Ad-Hoc|iPhone.ActiveCfg = Release|Any CPU
		{F9FC8121-2F2E-4697-8AE8-B6F82DABB3BD}.Ad-Hoc|iPhone.Build.0 = Release|Any CPU
		{F9FC8121-2F2E-4697-8AE8-B6F82DABB3BD}.Ad-Hoc|iPhoneSimulator.ActiveCfg = Release|Any CPU
		{F9FC8121-2F2E-4697-8AE8-B6F82DABB3BD}.Ad-Hoc|iPhoneSimulator.Build.0 = Release|Any CPU
		{F9FC8121-2F2E-4697-8AE8-B6F82DABB3BD}.AppStore|Any CPU.ActiveCfg = Release|Any CPU
		{F9FC8121-2F2E-4697-8AE8-B6F82DABB3BD}.AppStore|Any CPU.Build.0 = Release|Any CPU
		{F9FC8121-2F2E-4697-8AE8-B6F82DABB3BD}.AppStore|iPhone.ActiveCfg = Release|Any CPU
		{F9FC8121-2F2E-4697-8AE8-B6F82DABB3BD}.AppStore|iPhone.Build.0 = Release|Any CPU
		{F9FC8121-2F2E-4697-8AE8-B6F82DABB3BD}.AppStore|iPhoneSimulator.ActiveCfg = Release|Any CPU
		{F9FC8121-2F2E-4697-8AE8-B6F82DABB3BD}.AppStore|iPhoneSimulator.Build.0 = Release|Any CPU
		{F9FC8121-2F2E-4697-8AE8-B6F82DABB3BD}.Debug|Any CPU.ActiveCfg = Debug|Any CPU
		{F9FC8121-2F2E-4697-8AE8-B6F82DABB3BD}.Debug|Any CPU.Build.0 = Debug|Any CPU
		{F9FC8121-2F2E-4697-8AE8-B6F82DABB3BD}.Debug|iPhone.ActiveCfg = Debug|Any CPU
		{F9FC8121-2F2E-4697-8AE8-B6F82DABB3BD}.Debug|iPhone.Build.0 = Debug|Any CPU
		{F9FC8121-2F2E-4697-8AE8-B6F82DABB3BD}.Debug|iPhoneSimulator.ActiveCfg = Debug|Any CPU
		{F9FC8121-2F2E-4697-8AE8-B6F82DABB3BD}.Debug|iPhoneSimulator.Build.0 = Debug|Any CPU
		{F9FC8121-2F2E-4697-8AE8-B6F82DABB3BD}.Release|Any CPU.ActiveCfg = Release|Any CPU
		{F9FC8121-2F2E-4697-8AE8-B6F82DABB3BD}.Release|Any CPU.Build.0 = Release|Any CPU
		{F9FC8121-2F2E-4697-8AE8-B6F82DABB3BD}.Release|iPhone.ActiveCfg = Release|Any CPU
		{F9FC8121-2F2E-4697-8AE8-B6F82DABB3BD}.Release|iPhone.Build.0 = Release|Any CPU
		{F9FC8121-2F2E-4697-8AE8-B6F82DABB3BD}.Release|iPhoneSimulator.ActiveCfg = Release|Any CPU
		{F9FC8121-2F2E-4697-8AE8-B6F82DABB3BD}.Release|iPhoneSimulator.Build.0 = Release|Any CPU
	EndGlobalSection
	GlobalSection(NestedProjects) = preSolution
		{2FD1999D-45B1-4485-BF96-EAB061481945} = {081EE84F-F853-43C7-85F0-E93E5C9E56FA}
		{F9FC8121-2F2E-4697-8AE8-B6F82DABB3BD} = {273AF724-2DE7-4FAD-894E-6A4A927409D4}
		{1DC71A0C-09DD-4194-9555-2E069C9538DD} = {273AF724-2DE7-4FAD-894E-6A4A927409D4}
		{A7B47B62-5D01-46F9-9B2C-08F3C8E17B84} = {273AF724-2DE7-4FAD-894E-6A4A927409D4}
	EndGlobalSection
	GlobalSection(MonoDevelopProperties) = preSolution
		StartupItem = MvvmCrossMenu.Touch\MvvmCrossMenu.Touch.csproj
	EndGlobalSection
	GlobalSection(SolutionProperties) = preSolution
		HideSolutionNode = FALSE
	EndGlobalSection
EndGlobal
